// !$*UTF8*$!
{
	archiveVersion = 1;
	classes = {
	};
	objectVersion = 56;
	objects = {

/* Begin PBXBuildFile section */
		871005162A61FC9B00EBD85B /* Checkpoint.swift in Sources */ = {isa = PBXBuildFile; fileRef = 871005152A61FC9B00EBD85B /* Checkpoint.swift */; };
		87125DAD2A5999A000A02947 /* petakopiApp.swift in Sources */ = {isa = PBXBuildFile; fileRef = 87125DAC2A5999A000A02947 /* petakopiApp.swift */; };
		87125DAF2A5999A000A02947 /* ContentView.swift in Sources */ = {isa = PBXBuildFile; fileRef = 87125DAE2A5999A000A02947 /* ContentView.swift */; };
		87125DB12A5999A200A02947 /* Assets.xcassets in Resources */ = {isa = PBXBuildFile; fileRef = 87125DB02A5999A200A02947 /* Assets.xcassets */; };
		87125DB42A5999A200A02947 /* Preview Assets.xcassets in Resources */ = {isa = PBXBuildFile; fileRef = 87125DB32A5999A200A02947 /* Preview Assets.xcassets */; };
		87125DBE2A5A431D00A02947 /* MapView.swift in Sources */ = {isa = PBXBuildFile; fileRef = 87125DBD2A5A431D00A02947 /* MapView.swift */; };
		87125DC12A5A650800A02947 /* CoffeeShop.swift in Sources */ = {isa = PBXBuildFile; fileRef = 87125DC02A5A650800A02947 /* CoffeeShop.swift */; };
		87125DC42A5A65CC00A02947 /* CoffeeShopLoader.swift in Sources */ = {isa = PBXBuildFile; fileRef = 87125DC32A5A65CC00A02947 /* CoffeeShopLoader.swift */; };
		875396D02A6205A800BA1D72 /* MapViewModel.swift in Sources */ = {isa = PBXBuildFile; fileRef = 875396CF2A6205A800BA1D72 /* MapViewModel.swift */; };
		875396D22A62077A00BA1D72 /* MapViewCoordinator.swift in Sources */ = {isa = PBXBuildFile; fileRef = 875396D12A62077A00BA1D72 /* MapViewCoordinator.swift */; };
/* End PBXBuildFile section */

/* Begin PBXFileReference section */
		871005152A61FC9B00EBD85B /* Checkpoint.swift */ = {isa = PBXFileReference; lastKnownFileType = sourcecode.swift; path = Checkpoint.swift; sourceTree = "<group>"; };
		87125DA92A5999A000A02947 /* petakopi.app */ = {isa = PBXFileReference; explicitFileType = wrapper.application; includeInIndex = 0; path = petakopi.app; sourceTree = BUILT_PRODUCTS_DIR; };
		87125DAC2A5999A000A02947 /* petakopiApp.swift */ = {isa = PBXFileReference; lastKnownFileType = sourcecode.swift; path = petakopiApp.swift; sourceTree = "<group>"; };
		87125DAE2A5999A000A02947 /* ContentView.swift */ = {isa = PBXFileReference; lastKnownFileType = sourcecode.swift; path = ContentView.swift; sourceTree = "<group>"; };
		87125DB02A5999A200A02947 /* Assets.xcassets */ = {isa = PBXFileReference; lastKnownFileType = folder.assetcatalog; path = Assets.xcassets; sourceTree = "<group>"; };
		87125DB32A5999A200A02947 /* Preview Assets.xcassets */ = {isa = PBXFileReference; lastKnownFileType = folder.assetcatalog; path = "Preview Assets.xcassets"; sourceTree = "<group>"; };
		87125DBA2A599C1A00A02947 /* Info.plist */ = {isa = PBXFileReference; lastKnownFileType = text.plist; path = Info.plist; sourceTree = "<group>"; };
		87125DBD2A5A431D00A02947 /* MapView.swift */ = {isa = PBXFileReference; lastKnownFileType = sourcecode.swift; path = MapView.swift; sourceTree = "<group>"; };
		87125DC02A5A650800A02947 /* CoffeeShop.swift */ = {isa = PBXFileReference; lastKnownFileType = sourcecode.swift; path = CoffeeShop.swift; sourceTree = "<group>"; };
		87125DC32A5A65CC00A02947 /* CoffeeShopLoader.swift */ = {isa = PBXFileReference; lastKnownFileType = sourcecode.swift; path = CoffeeShopLoader.swift; sourceTree = "<group>"; };
		875396CF2A6205A800BA1D72 /* MapViewModel.swift */ = {isa = PBXFileReference; lastKnownFileType = sourcecode.swift; path = MapViewModel.swift; sourceTree = "<group>"; };
		875396D12A62077A00BA1D72 /* MapViewCoordinator.swift */ = {isa = PBXFileReference; lastKnownFileType = sourcecode.swift; path = MapViewCoordinator.swift; sourceTree = "<group>"; };
/* End PBXFileReference section */

/* Begin PBXFrameworksBuildPhase section */
		87125DA62A5999A000A02947 /* Frameworks */ = {
			isa = PBXFrameworksBuildPhase;
			buildActionMask = 2147483647;
			files = (
			);
			runOnlyForDeploymentPostprocessing = 0;
		};
/* End PBXFrameworksBuildPhase section */

/* Begin PBXGroup section */
		8710050E2A61F96400EBD85B /* Views */ = {
			isa = PBXGroup;
			children = (
				87125DAE2A5999A000A02947 /* ContentView.swift */,
			);
			path = Views;
			sourceTree = "<group>";
		};
		871005102A61FC5900EBD85B /* Features */ = {
			isa = PBXGroup;
			children = (
				871005112A61FC6700EBD85B /* Maps */,
			);
			path = Features;
			sourceTree = "<group>";
		};
		871005112A61FC6700EBD85B /* Maps */ = {
			isa = PBXGroup;
			children = (
				875396CE2A62059A00BA1D72 /* ViewModels */,
				871005142A61FC8700EBD85B /* Helpers */,
				871005132A61FC8000EBD85B /* Models */,
				871005122A61FC7B00EBD85B /* Views */,
			);
			path = Maps;
			sourceTree = "<group>";
		};
		871005122A61FC7B00EBD85B /* Views */ = {
			isa = PBXGroup;
			children = (
				87125DBD2A5A431D00A02947 /* MapView.swift */,
			);
			path = Views;
			sourceTree = "<group>";
		};
		871005132A61FC8000EBD85B /* Models */ = {
			isa = PBXGroup;
			children = (
				871005152A61FC9B00EBD85B /* Checkpoint.swift */,
			);
			path = Models;
			sourceTree = "<group>";
		};
		871005142A61FC8700EBD85B /* Helpers */ = {
			isa = PBXGroup;
			children = (
				875396D12A62077A00BA1D72 /* MapViewCoordinator.swift */,
			);
			path = Helpers;
			sourceTree = "<group>";
		};
		87125DA02A5999A000A02947 = {
			isa = PBXGroup;
			children = (
				87125DAB2A5999A000A02947 /* petakopi */,
				87125DAA2A5999A000A02947 /* Products */,
			);
			sourceTree = "<group>";
		};
		87125DAA2A5999A000A02947 /* Products */ = {
			isa = PBXGroup;
			children = (
				87125DA92A5999A000A02947 /* petakopi.app */,
			);
			name = Products;
			sourceTree = "<group>";
		};
		87125DAB2A5999A000A02947 /* petakopi */ = {
			isa = PBXGroup;
			children = (
				871005102A61FC5900EBD85B /* Features */,
				8710050E2A61F96400EBD85B /* Views */,
				87125DC22A5A65AF00A02947 /* Services */,
				87125DBF2A5A64F500A02947 /* Models */,
				87125DBA2A599C1A00A02947 /* Info.plist */,
				87125DAC2A5999A000A02947 /* petakopiApp.swift */,
				87125DB02A5999A200A02947 /* Assets.xcassets */,
				87125DB22A5999A200A02947 /* Preview Content */,
			);
			path = petakopi;
			sourceTree = "<group>";
		};
		87125DB22A5999A200A02947 /* Preview Content */ = {
			isa = PBXGroup;
			children = (
				87125DB32A5999A200A02947 /* Preview Assets.xcassets */,
			);
			path = "Preview Content";
			sourceTree = "<group>";
		};
		87125DBF2A5A64F500A02947 /* Models */ = {
			isa = PBXGroup;
			children = (
				87125DC02A5A650800A02947 /* CoffeeShop.swift */,
			);
			path = Models;
			sourceTree = "<group>";
		};
		87125DC22A5A65AF00A02947 /* Services */ = {
			isa = PBXGroup;
			children = (
				87125DC32A5A65CC00A02947 /* CoffeeShopLoader.swift */,
			);
			path = Services;
			sourceTree = "<group>";
		};
		875396CE2A62059A00BA1D72 /* ViewModels */ = {
			isa = PBXGroup;
			children = (
				875396CF2A6205A800BA1D72 /* MapViewModel.swift */,
			);
			path = ViewModels;
			sourceTree = "<group>";
		};
/* End PBXGroup section */

/* Begin PBXNativeTarget section */
		87125DA82A5999A000A02947 /* petakopi */ = {
			isa = PBXNativeTarget;
			buildConfigurationList = 87125DB72A5999A200A02947 /* Build configuration list for PBXNativeTarget "petakopi" */;
			buildPhases = (
				87125DA52A5999A000A02947 /* Sources */,
				87125DA62A5999A000A02947 /* Frameworks */,
				87125DA72A5999A000A02947 /* Resources */,
			);
			buildRules = (
			);
			dependencies = (
			);
			name = petakopi;
			productName = petakopi;
			productReference = 87125DA92A5999A000A02947 /* petakopi.app */;
			productType = "com.apple.product-type.application";
		};
/* End PBXNativeTarget section */

/* Begin PBXProject section */
		87125DA12A5999A000A02947 /* Project object */ = {
			isa = PBXProject;
			attributes = {
				BuildIndependentTargetsInParallel = 1;
				LastSwiftUpdateCheck = 1430;
				LastUpgradeCheck = 1430;
				TargetAttributes = {
					87125DA82A5999A000A02947 = {
						CreatedOnToolsVersion = 14.3.1;
					};
				};
			};
			buildConfigurationList = 87125DA42A5999A000A02947 /* Build configuration list for PBXProject "petakopi" */;
			compatibilityVersion = "Xcode 14.0";
			developmentRegion = en;
			hasScannedForEncodings = 0;
			knownRegions = (
				en,
				Base,
			);
			mainGroup = 87125DA02A5999A000A02947;
			productRefGroup = 87125DAA2A5999A000A02947 /* Products */;
			projectDirPath = "";
			projectRoot = "";
			targets = (
				87125DA82A5999A000A02947 /* petakopi */,
			);
		};
/* End PBXProject section */

/* Begin PBXResourcesBuildPhase section */
		87125DA72A5999A000A02947 /* Resources */ = {
			isa = PBXResourcesBuildPhase;
			buildActionMask = 2147483647;
			files = (
				87125DB42A5999A200A02947 /* Preview Assets.xcassets in Resources */,
				87125DB12A5999A200A02947 /* Assets.xcassets in Resources */,
			);
			runOnlyForDeploymentPostprocessing = 0;
		};
/* End PBXResourcesBuildPhase section */

/* Begin PBXSourcesBuildPhase section */
		87125DA52A5999A000A02947 /* Sources */ = {
			isa = PBXSourcesBuildPhase;
			buildActionMask = 2147483647;
			files = (
				87125DAF2A5999A000A02947 /* ContentView.swift in Sources */,
				87125DC42A5A65CC00A02947 /* CoffeeShopLoader.swift in Sources */,
				87125DC12A5A650800A02947 /* CoffeeShop.swift in Sources */,
				875396D22A62077A00BA1D72 /* MapViewCoordinator.swift in Sources */,
				87125DBE2A5A431D00A02947 /* MapView.swift in Sources */,
				87125DAD2A5999A000A02947 /* petakopiApp.swift in Sources */,
				871005162A61FC9B00EBD85B /* Checkpoint.swift in Sources */,
				875396D02A6205A800BA1D72 /* MapViewModel.swift in Sources */,
			);
			runOnlyForDeploymentPostprocessing = 0;
		};
/* End PBXSourcesBuildPhase section */

/* Begin XCBuildConfiguration section */
		87125DB52A5999A200A02947 /* Debug */ = {
			isa = XCBuildConfiguration;
			buildSettings = {
				ALWAYS_SEARCH_USER_PATHS = NO;
				CLANG_ANALYZER_NONNULL = YES;
				CLANG_ANALYZER_NUMBER_OBJECT_CONVERSION = YES_AGGRESSIVE;
				CLANG_CXX_LANGUAGE_STANDARD = "gnu++20";
				CLANG_ENABLE_MODULES = YES;
				CLANG_ENABLE_OBJC_ARC = YES;
				CLANG_ENABLE_OBJC_WEAK = YES;
				CLANG_WARN_BLOCK_CAPTURE_AUTORELEASING = YES;
				CLANG_WARN_BOOL_CONVERSION = YES;
				CLANG_WARN_COMMA = YES;
				CLANG_WARN_CONSTANT_CONVERSION = YES;
				CLANG_WARN_DEPRECATED_OBJC_IMPLEMENTATIONS = YES;
				CLANG_WARN_DIRECT_OBJC_ISA_USAGE = YES_ERROR;
				CLANG_WARN_DOCUMENTATION_COMMENTS = YES;
				CLANG_WARN_EMPTY_BODY = YES;
				CLANG_WARN_ENUM_CONVERSION = YES;
				CLANG_WARN_INFINITE_RECURSION = YES;
				CLANG_WARN_INT_CONVERSION = YES;
				CLANG_WARN_NON_LITERAL_NULL_CONVERSION = YES;
				CLANG_WARN_OBJC_IMPLICIT_RETAIN_SELF = YES;
				CLANG_WARN_OBJC_LITERAL_CONVERSION = YES;
				CLANG_WARN_OBJC_ROOT_CLASS = YES_ERROR;
				CLANG_WARN_QUOTED_INCLUDE_IN_FRAMEWORK_HEADER = YES;
				CLANG_WARN_RANGE_LOOP_ANALYSIS = YES;
				CLANG_WARN_STRICT_PROTOTYPES = YES;
				CLANG_WARN_SUSPICIOUS_MOVE = YES;
				CLANG_WARN_UNGUARDED_AVAILABILITY = YES_AGGRESSIVE;
				CLANG_WARN_UNREACHABLE_CODE = YES;
				CLANG_WARN__DUPLICATE_METHOD_MATCH = YES;
				COPY_PHASE_STRIP = NO;
				DEBUG_INFORMATION_FORMAT = dwarf;
				ENABLE_STRICT_OBJC_MSGSEND = YES;
				ENABLE_TESTABILITY = YES;
				GCC_C_LANGUAGE_STANDARD = gnu11;
				GCC_DYNAMIC_NO_PIC = NO;
				GCC_NO_COMMON_BLOCKS = YES;
				GCC_OPTIMIZATION_LEVEL = 0;
				GCC_PREPROCESSOR_DEFINITIONS = (
					"DEBUG=1",
					"$(inherited)",
				);
				GCC_WARN_64_TO_32_BIT_CONVERSION = YES;
				GCC_WARN_ABOUT_RETURN_TYPE = YES_ERROR;
				GCC_WARN_UNDECLARED_SELECTOR = YES;
				GCC_WARN_UNINITIALIZED_AUTOS = YES_AGGRESSIVE;
				GCC_WARN_UNUSED_FUNCTION = YES;
				GCC_WARN_UNUSED_VARIABLE = YES;
				IPHONEOS_DEPLOYMENT_TARGET = 15.0;
				MTL_ENABLE_DEBUG_INFO = INCLUDE_SOURCE;
				MTL_FAST_MATH = YES;
				ONLY_ACTIVE_ARCH = YES;
				SDKROOT = iphoneos;
				SWIFT_ACTIVE_COMPILATION_CONDITIONS = DEBUG;
				SWIFT_OPTIMIZATION_LEVEL = "-Onone";
			};
			name = Debug;
		};
		87125DB62A5999A200A02947 /* Release */ = {
			isa = XCBuildConfiguration;
			buildSettings = {
				ALWAYS_SEARCH_USER_PATHS = NO;
				CLANG_ANALYZER_NONNULL = YES;
				CLANG_ANALYZER_NUMBER_OBJECT_CONVERSION = YES_AGGRESSIVE;
				CLANG_CXX_LANGUAGE_STANDARD = "gnu++20";
				CLANG_ENABLE_MODULES = YES;
				CLANG_ENABLE_OBJC_ARC = YES;
				CLANG_ENABLE_OBJC_WEAK = YES;
				CLANG_WARN_BLOCK_CAPTURE_AUTORELEASING = YES;
				CLANG_WARN_BOOL_CONVERSION = YES;
				CLANG_WARN_COMMA = YES;
				CLANG_WARN_CONSTANT_CONVERSION = YES;
				CLANG_WARN_DEPRECATED_OBJC_IMPLEMENTATIONS = YES;
				CLANG_WARN_DIRECT_OBJC_ISA_USAGE = YES_ERROR;
				CLANG_WARN_DOCUMENTATION_COMMENTS = YES;
				CLANG_WARN_EMPTY_BODY = YES;
				CLANG_WARN_ENUM_CONVERSION = YES;
				CLANG_WARN_INFINITE_RECURSION = YES;
				CLANG_WARN_INT_CONVERSION = YES;
				CLANG_WARN_NON_LITERAL_NULL_CONVERSION = YES;
				CLANG_WARN_OBJC_IMPLICIT_RETAIN_SELF = YES;
				CLANG_WARN_OBJC_LITERAL_CONVERSION = YES;
				CLANG_WARN_OBJC_ROOT_CLASS = YES_ERROR;
				CLANG_WARN_QUOTED_INCLUDE_IN_FRAMEWORK_HEADER = YES;
				CLANG_WARN_RANGE_LOOP_ANALYSIS = YES;
				CLANG_WARN_STRICT_PROTOTYPES = YES;
				CLANG_WARN_SUSPICIOUS_MOVE = YES;
				CLANG_WARN_UNGUARDED_AVAILABILITY = YES_AGGRESSIVE;
				CLANG_WARN_UNREACHABLE_CODE = YES;
				CLANG_WARN__DUPLICATE_METHOD_MATCH = YES;
				COPY_PHASE_STRIP = NO;
				DEBUG_INFORMATION_FORMAT = "dwarf-with-dsym";
				ENABLE_NS_ASSERTIONS = NO;
				ENABLE_STRICT_OBJC_MSGSEND = YES;
				GCC_C_LANGUAGE_STANDARD = gnu11;
				GCC_NO_COMMON_BLOCKS = YES;
				GCC_WARN_64_TO_32_BIT_CONVERSION = YES;
				GCC_WARN_ABOUT_RETURN_TYPE = YES_ERROR;
				GCC_WARN_UNDECLARED_SELECTOR = YES;
				GCC_WARN_UNINITIALIZED_AUTOS = YES_AGGRESSIVE;
				GCC_WARN_UNUSED_FUNCTION = YES;
				GCC_WARN_UNUSED_VARIABLE = YES;
				IPHONEOS_DEPLOYMENT_TARGET = 15.0;
				MTL_ENABLE_DEBUG_INFO = NO;
				MTL_FAST_MATH = YES;
				SDKROOT = iphoneos;
				SWIFT_COMPILATION_MODE = wholemodule;
				SWIFT_OPTIMIZATION_LEVEL = "-O";
				VALIDATE_PRODUCT = YES;
			};
			name = Release;
		};
		87125DB82A5999A200A02947 /* Debug */ = {
			isa = XCBuildConfiguration;
			buildSettings = {
				ASSETCATALOG_COMPILER_APPICON_NAME = AppIcon;
				ASSETCATALOG_COMPILER_GLOBAL_ACCENT_COLOR_NAME = AccentColor;
				ASSETCATALOG_COMPILER_INCLUDE_ALL_APPICON_ASSETS = NO;
				CODE_SIGN_IDENTITY = "Apple Development";
				CODE_SIGN_STYLE = Automatic;
				CURRENT_PROJECT_VERSION = 4;
				DEVELOPMENT_ASSET_PATHS = "\"petakopi/Preview Content\"";
				DEVELOPMENT_TEAM = X39HY3TPLT;
				ENABLE_PREVIEWS = YES;
				GENERATE_INFOPLIST_FILE = YES;
				INFOPLIST_FILE = petakopi/Info.plist;
				INFOPLIST_KEY_CFBundleDisplayName = Petakopi;
				INFOPLIST_KEY_LSApplicationCategoryType = "public.app-category.food-and-drink";
				INFOPLIST_KEY_NSLocationWhenInUseUsageDescription = "Your location is used to determine the closest coffee shops in your area. For example, if you're in a new part of town, we can help you find the nearest coffee shop quickly and easily";
				INFOPLIST_KEY_UIApplicationSceneManifest_Generation = YES;
				INFOPLIST_KEY_UIApplicationSupportsIndirectInputEvents = YES;
				INFOPLIST_KEY_UILaunchScreen_Generation = YES;
				INFOPLIST_KEY_UISupportedInterfaceOrientations_iPad = "UIInterfaceOrientationPortrait UIInterfaceOrientationPortraitUpsideDown UIInterfaceOrientationLandscapeLeft UIInterfaceOrientationLandscapeRight";
				INFOPLIST_KEY_UISupportedInterfaceOrientations_iPhone = "UIInterfaceOrientationPortrait UIInterfaceOrientationLandscapeLeft UIInterfaceOrientationLandscapeRight";
				IPHONEOS_DEPLOYMENT_TARGET = 16.0;
				LD_RUNPATH_SEARCH_PATHS = (
					"$(inherited)",
					"@executable_path/Frameworks",
				);
				MARKETING_VERSION = 0.1.0;
				PRODUCT_BUNDLE_IDENTIFIER = petakopi.my.petakopi;
				PRODUCT_NAME = "$(TARGET_NAME)";
				PROVISIONING_PROFILE_SPECIFIER = "";
				SUPPORTED_PLATFORMS = "iphoneos iphonesimulator";
				SUPPORTS_MACCATALYST = NO;
				SUPPORTS_MAC_DESIGNED_FOR_IPHONE_IPAD = NO;
				SWIFT_EMIT_LOC_STRINGS = YES;
				SWIFT_VERSION = 5.0;
				TARGETED_DEVICE_FAMILY = 1;
			};
			name = Debug;
		};
		87125DB92A5999A200A02947 /* Release */ = {
			isa = XCBuildConfiguration;
			buildSettings = {
				ASSETCATALOG_COMPILER_APPICON_NAME = AppIcon;
				ASSETCATALOG_COMPILER_GLOBAL_ACCENT_COLOR_NAME = AccentColor;
				ASSETCATALOG_COMPILER_INCLUDE_ALL_APPICON_ASSETS = NO;
				CODE_SIGN_IDENTITY = "Apple Development";
				CODE_SIGN_STYLE = Automatic;
				CURRENT_PROJECT_VERSION = 4;
				DEVELOPMENT_ASSET_PATHS = "\"petakopi/Preview Content\"";
				DEVELOPMENT_TEAM = X39HY3TPLT;
				ENABLE_PREVIEWS = YES;
				GENERATE_INFOPLIST_FILE = YES;
				INFOPLIST_FILE = petakopi/Info.plist;
				INFOPLIST_KEY_CFBundleDisplayName = Petakopi;
				INFOPLIST_KEY_LSApplicationCategoryType = "public.app-category.food-and-drink";
				INFOPLIST_KEY_NSLocationWhenInUseUsageDescription = "Your location is used to determine the closest coffee shops in your area. For example, if you're in a new part of town, we can help you find the nearest coffee shop quickly and easily";
				INFOPLIST_KEY_UIApplicationSceneManifest_Generation = YES;
				INFOPLIST_KEY_UIApplicationSupportsIndirectInputEvents = YES;
				INFOPLIST_KEY_UILaunchScreen_Generation = YES;
				INFOPLIST_KEY_UISupportedInterfaceOrientations_iPad = "UIInterfaceOrientationPortrait UIInterfaceOrientationPortraitUpsideDown UIInterfaceOrientationLandscapeLeft UIInterfaceOrientationLandscapeRight";
				INFOPLIST_KEY_UISupportedInterfaceOrientations_iPhone = "UIInterfaceOrientationPortrait UIInterfaceOrientationLandscapeLeft UIInterfaceOrientationLandscapeRight";
				IPHONEOS_DEPLOYMENT_TARGET = 16.0;
				LD_RUNPATH_SEARCH_PATHS = (
					"$(inherited)",
					"@executable_path/Frameworks",
				);
				MARKETING_VERSION = 0.1.0;
				PRODUCT_BUNDLE_IDENTIFIER = petakopi.my.petakopi;
				PRODUCT_NAME = "$(TARGET_NAME)";
				PROVISIONING_PROFILE_SPECIFIER = "";
				SUPPORTED_PLATFORMS = "iphoneos iphonesimulator";
				SUPPORTS_MACCATALYST = NO;
				SUPPORTS_MAC_DESIGNED_FOR_IPHONE_IPAD = NO;
				SWIFT_EMIT_LOC_STRINGS = YES;
				SWIFT_VERSION = 5.0;
				TARGETED_DEVICE_FAMILY = 1;
			};
			name = Release;
		};
/* End XCBuildConfiguration section */

/* Begin XCConfigurationList section */
		87125DA42A5999A000A02947 /* Build configuration list for PBXProject "petakopi" */ = {
			isa = XCConfigurationList;
			buildConfigurations = (
				87125DB52A5999A200A02947 /* Debug */,
				87125DB62A5999A200A02947 /* Release */,
			);
			defaultConfigurationIsVisible = 0;
			defaultConfigurationName = Release;
		};
		87125DB72A5999A200A02947 /* Build configuration list for PBXNativeTarget "petakopi" */ = {
			isa = XCConfigurationList;
			buildConfigurations = (
				87125DB82A5999A200A02947 /* Debug */,
				87125DB92A5999A200A02947 /* Release */,
			);
			defaultConfigurationIsVisible = 0;
			defaultConfigurationName = Release;
		};
/* End XCConfigurationList section */
	};
	rootObject = 87125DA12A5999A000A02947 /* Project object */;
}
